
Microsoft Visual Studio Solution File, Format Version 12.00
# Visual Studio Version 17
VisualStudioVersion = 17.14.36202.13
MinimumVisualStudioVersion = 10.0.40219.1
Project("{FAE04EC0-301F-11D3-BF4B-00C04F79EFBC}") = "CEX.MatchingEngine.Demo", "CEX.MatchingEngine.Demo\CEX.MatchingEngine.Demo.csproj", "{FE0E9118-2C95-4705-BDE1-82E1B690C3A6}"
EndProject
Project("{FAE04EC0-301F-11D3-BF4B-00C04F79EFBC}") = "CEX.MatchingEngine.Core", "CEX.MatchingEngine.Core\CEX.MatchingEngine.Core.csproj", "{6C333B12-F24A-5A54-260C-2953D3E4ECFF}"
EndProject
Project("{FAE04EC0-301F-11D3-BF4B-00C04F79EFBC}") = "CEX.MatchingEngine.Test", "CEX.MatchingEngine.Test\CEX.MatchingEngine.Test.csproj", "{78B52BD7-883B-4395-A387-EEE4D1BC4041}"
EndProject
Project("{FAE04EC0-301F-11D3-BF4B-00C04F79EFBC}") = "CEX.MatchingEngine.Data", "CEX.MatchingEngine.Data\CEX.MatchingEngine.Data.csproj", "{6CBC25A4-D0FB-420F-AD61-25855C3347D8}"
EndProject
Global
	GlobalSection(SolutionConfigurationPlatforms) = preSolution
		Debug|Any CPU = Debug|Any CPU
		Release|Any CPU = Release|Any CPU
	EndGlobalSection
	GlobalSection(ProjectConfigurationPlatforms) = postSolution
		{FE0E9118-2C95-4705-BDE1-82E1B690C3A6}.Debug|Any CPU.ActiveCfg = Debug|Any CPU
		{FE0E9118-2C95-4705-BDE1-82E1B690C3A6}.Debug|Any CPU.Build.0 = Debug|Any CPU
		{FE0E9118-2C95-4705-BDE1-82E1B690C3A6}.Release|Any CPU.ActiveCfg = Release|Any CPU
		{FE0E9118-2C95-4705-BDE1-82E1B690C3A6}.Release|Any CPU.Build.0 = Release|Any CPU
		{6C333B12-F24A-5A54-260C-2953D3E4ECFF}.Debug|Any CPU.ActiveCfg = Debug|Any CPU
		{6C333B12-F24A-5A54-260C-2953D3E4ECFF}.Debug|Any CPU.Build.0 = Debug|Any CPU
		{6C333B12-F24A-5A54-260C-2953D3E4ECFF}.Release|Any CPU.ActiveCfg = Release|Any CPU
		{6C333B12-F24A-5A54-260C-2953D3E4ECFF}.Release|Any CPU.Build.0 = Release|Any CPU
		{78B52BD7-883B-4395-A387-EEE4D1BC4041}.Debug|Any CPU.ActiveCfg = Debug|Any CPU
		{78B52BD7-883B-4395-A387-EEE4D1BC4041}.Debug|Any CPU.Build.0 = Debug|Any CPU
		{78B52BD7-883B-4395-A387-EEE4D1BC4041}.Release|Any CPU.ActiveCfg = Release|Any CPU
		{78B52BD7-883B-4395-A387-EEE4D1BC4041}.Release|Any CPU.Build.0 = Release|Any CPU
		{6CBC25A4-D0FB-420F-AD61-25855C3347D8}.Debug|Any CPU.ActiveCfg = Debug|Any CPU
		{6CBC25A4-D0FB-420F-AD61-25855C3347D8}.Debug|Any CPU.Build.0 = Debug|Any CPU
		{6CBC25A4-D0FB-420F-AD61-25855C3347D8}.Release|Any CPU.ActiveCfg = Release|Any CPU
		{6CBC25A4-D0FB-420F-AD61-25855C3347D8}.Release|Any CPU.Build.0 = Release|Any CPU
	EndGlobalSection
	GlobalSection(SolutionProperties) = preSolution
		HideSolutionNode = FALSE
	EndGlobalSection
	GlobalSection(ExtensibilityGlobals) = postSolution
		SolutionGuid = {0000AFB2-E472-4B37-B56D-D7C68BBCDDF6}
	EndGlobalSection
EndGlobal
